
Microsoft Visual Studio Solution File, Format Version 10.00
# Visual C++ Express 2008
Project("{8BC9CEB8-8B4A-11D0-8D11-00A0C91BC942}") = "net_wrapper", "net_wrapper\net_wrapper.vcproj", "{D8AEBEDB-71B1-41D9-8654-BF49DCDAA6B6}"
EndProject
Project("{8BC9CEB8-8B4A-11D0-8D11-00A0C91BC942}") = "client", "client\client.vcproj", "{4AC89CC0-069B-46AC-8E51-FF06570F5C7C}"
	ProjectSection(ProjectDependencies) = postProject
		{D8AEBEDB-71B1-41D9-8654-BF49DCDAA6B6} = {D8AEBEDB-71B1-41D9-8654-BF49DCDAA6B6}
	EndProjectSection
EndProject
Project("{8BC9CEB8-8B4A-11D0-8D11-00A0C91BC942}") = "server", "server\server.vcproj", "{7516655C-8A59-4C83-B2E7-B6AB119BCE0F}"
	ProjectSection(ProjectDependencies) = postProject
		{D8AEBEDB-71B1-41D9-8654-BF49DCDAA6B6} = {D8AEBEDB-71B1-41D9-8654-BF49DCDAA6B6}
	EndProjectSection
EndProject
Global
	GlobalSection(SolutionConfigurationPlatforms) = preSolution
		Debug|Win32 = Debug|Win32
		Release|Win32 = Release|Win32
	EndGlobalSection
	GlobalSection(ProjectConfigurationPlatforms) = postSolution
		{D8AEBEDB-71B1-41D9-8654-BF49DCDAA6B6}.Debug|Win32.ActiveCfg = Debug|Win32
		{D8AEBEDB-71B1-41D9-8654-BF49DCDAA6B6}.Debug|Win32.Build.0 = Debug|Win32
		{D8AEBEDB-71B1-41D9-8654-BF49DCDAA6B6}.Release|Win32.ActiveCfg = Release|Win32
		{D8AEBEDB-71B1-41D9-8654-BF49DCDAA6B6}.Release|Win32.Build.0 = Release|Win32
		{4AC89CC0-069B-46AC-8E51-FF06570F5C7C}.Debug|Win32.ActiveCfg = Debug|Win32
		{4AC89CC0-069B-46AC-8E51-FF06570F5C7C}.Debug|Win32.Build.0 = Debug|Win32
		{4AC89CC0-069B-46AC-8E51-FF06570F5C7C}.Release|Win32.ActiveCfg = Release|Win32
		{4AC89CC0-069B-46AC-8E51-FF06570F5C7C}.Release|Win32.Build.0 = Release|Win32
		{7516655C-8A59-4C83-B2E7-B6AB119BCE0F}.Debug|Win32.ActiveCfg = Debug|Win32
		{7516655C-8A59-4C83-B2E7-B6AB119BCE0F}.Debug|Win32.Build.0 = Debug|Win32
		{7516655C-8A59-4C83-B2E7-B6AB119BCE0F}.Release|Win32.ActiveCfg = Release|Win32
		{7516655C-8A59-4C83-B2E7-B6AB119BCE0F}.Release|Win32.Build.0 = Release|Win32
	EndGlobalSection
	GlobalSection(SolutionProperties) = preSolution
		HideSolutionNode = FALSE
	EndGlobalSection
EndGlobal
