
Microsoft Visual Studio Solution File, Format Version 10.00
# Visual Studio 2008
Global
	GlobalSection(SolutionConfigurationPlatforms) = preSolution
		Debug|Win32 = Debug|Win32
		Release|Win32 = Release|Win32
	EndGlobalSection
	GlobalSection(ProjectConfigurationPlatforms) = postSolution
		{DB84F6EA-6340-4C25-9646-501AFA6E9D5C}.Debug|Win32.ActiveCfg = Debug|Win32
		{DB84F6EA-6340-4C25-9646-501AFA6E9D5C}.Debug|Win32.Build.0 = Debug|Win32
		{DB84F6EA-6340-4C25-9646-501AFA6E9D5C}.Release|Win32.ActiveCfg = Release|Win32
		{DB84F6EA-6340-4C25-9646-501AFA6E9D5C}.Release|Win32.Build.0 = Release|Win32
		{19D6E5B9-3E11-4AC9-978C-516994212ED1}.Debug|Win32.ActiveCfg = Debug|Win32
		{19D6E5B9-3E11-4AC9-978C-516994212ED1}.Debug|Win32.Build.0 = Debug|Win32
		{19D6E5B9-3E11-4AC9-978C-516994212ED1}.Release|Win32.ActiveCfg = Release|Win32
		{19D6E5B9-3E11-4AC9-978C-516994212ED1}.Release|Win32.Build.0 = Release|Win32
		{159BB585-2B6A-440C-BE16-3C1F52AC8CFD}.Debug|Win32.ActiveCfg = Debug|Win32
		{159BB585-2B6A-440C-BE16-3C1F52AC8CFD}.Debug|Win32.Build.0 = Debug|Win32
		{159BB585-2B6A-440C-BE16-3C1F52AC8CFD}.Release|Win32.ActiveCfg = Release|Win32
		{159BB585-2B6A-440C-BE16-3C1F52AC8CFD}.Release|Win32.Build.0 = Release|Win32
		{2F1E4431-7E48-4C15-A86D-CEC5103E439E}.Debug|Win32.ActiveCfg = Debug|Win32
		{2F1E4431-7E48-4C15-A86D-CEC5103E439E}.Debug|Win32.Build.0 = Debug|Win32
		{2F1E4431-7E48-4C15-A86D-CEC5103E439E}.Release|Win32.ActiveCfg = Release|Win32
		{2F1E4431-7E48-4C15-A86D-CEC5103E439E}.Release|Win32.Build.0 = Release|Win32
		{D28E4464-EAB1-4E9A-972A-D11CAE2D288A}.Debug|Win32.ActiveCfg = Debug|Win32
		{D28E4464-EAB1-4E9A-972A-D11CAE2D288A}.Debug|Win32.Build.0 = Debug|Win32
		{D28E4464-EAB1-4E9A-972A-D11CAE2D288A}.Release|Win32.ActiveCfg = Release|Win32
		{D28E4464-EAB1-4E9A-972A-D11CAE2D288A}.Release|Win32.Build.0 = Release|Win32
		{DB27731D-22EA-4A21-8674-E14D4E85C6EB}.Debug|Win32.ActiveCfg = Debug|Win32
		{DB27731D-22EA-4A21-8674-E14D4E85C6EB}.Debug|Win32.Build.0 = Debug|Win32
		{DB27731D-22EA-4A21-8674-E14D4E85C6EB}.Release|Win32.ActiveCfg = Release|Win32
		{DB27731D-22EA-4A21-8674-E14D4E85C6EB}.Release|Win32.Build.0 = Release|Win32
		{4223C3B1-1122-46F2-9746-1E25E259C579}.Debug|Win32.ActiveCfg = Debug|Win32
		{4223C3B1-1122-46F2-9746-1E25E259C579}.Debug|Win32.Build.0 = Debug|Win32
		{4223C3B1-1122-46F2-9746-1E25E259C579}.Release|Win32.ActiveCfg = Release|Win32
		{4223C3B1-1122-46F2-9746-1E25E259C579}.Release|Win32.Build.0 = Release|Win32
	EndGlobalSection
	GlobalSection(NestedProjects) = preSolution
	EndGlobalSection
	GlobalSection(SolutionProperties) = preSolution
		HideSolutionNode = FALSE
	EndGlobalSection
EndGlobal
